# THIS IS AN AUTOGENERATED FILE. DO NOT EDIT THIS FILE DIRECTLY.
# yarn lockfile v1


highlight.js@^9.7.0:
  version "9.11.0"
  resolved "https://registry.yarnpkg.com/highlight.js/-/highlight.js-9.11.0.tgz#47f98c7399918700db2caf230ded12cec41a84ae"

spec-md@^0.4.8:
  version "0.4.8"
  resolved "https://registry.yarnpkg.com/spec-md/-/spec-md-0.4.8.tgz#376ef5e610308de9774cec31f5bc496d0e77c2a7"
  dependencies:
    highlight.js "^9.7.0"
